
Microsoft Visual Studio Solution File, Format Version 12.00
# Visual Studio Version 17
VisualStudioVersion = 17.7.34031.279
MinimumVisualStudioVersion = 10.0.40219.1
Project("{9A19103F-16F7-4668-BE54-9A1E7A4F7556}") = "ImageConverter", "ImageConverter.csproj", "{9D786801-2867-4157-8D1F-4ADC4B51F460}"
EndProject
Global
	GlobalSection(SolutionConfigurationPlatforms) = preSolution
		Debug|Any CPU = Debug|Any CPU
		Debug|x64 = Debug|x64
		Release|Any CPU = Release|Any CPU
		Release|x64 = Release|x64
	EndGlobalSection
	GlobalSection(ProjectConfigurationPlatforms) = postSolution
		{9D786801-2867-4157-8D1F-4ADC4B51F460}.Debug|Any CPU.ActiveCfg = Debug|Any CPU
		{9D786801-2867-4157-8D1F-4ADC4B51F460}.Debug|Any CPU.Build.0 = Debug|Any CPU
		{9D786801-2867-4157-8D1F-4ADC4B51F460}.Debug|x64.ActiveCfg = Debug|x64
		{9D786801-2867-4157-8D1F-4ADC4B51F460}.Debug|x64.Build.0 = Debug|x64
		{9D786801-2867-4157-8D1F-4ADC4B51F460}.Release|Any CPU.ActiveCfg = Release|Any CPU
		{9D786801-2867-4157-8D1F-4ADC4B51F460}.Release|Any CPU.Build.0 = Release|Any CPU
		{9D786801-2867-4157-8D1F-4ADC4B51F460}.Release|x64.ActiveCfg = Release|x64
		{9D786801-2867-4157-8D1F-4ADC4B51F460}.Release|x64.Build.0 = Release|x64
	EndGlobalSection
	GlobalSection(SolutionProperties) = preSolution
		HideSolutionNode = FALSE
	EndGlobalSection
	GlobalSection(ExtensibilityGlobals) = postSolution
		SolutionGuid = {B27432B1-610C-4658-A08B-8D21BC836F13}
	EndGlobalSection
EndGlobal
